
Microsoft Visual Studio Solution File, Format Version 12.00
# Visual Studio Version 17
VisualStudioVersion = 17.4.33205.214
MinimumVisualStudioVersion = 10.0.40219.1
Project("{FAE04EC0-301F-11D3-BF4B-00C04F79EFBC}") = "CodingTime", "CodingTime.csproj", "{B640CA4D-D8C8-424C-A5D7-7FB5C5C5AD8A}"
EndProject
Global
	GlobalSection(SolutionConfigurationPlatforms) = preSolution
		Debug|Any CPU = Debug|Any CPU
		Release|Any CPU = Release|Any CPU
	EndGlobalSection
	GlobalSection(ProjectConfigurationPlatforms) = postSolution
		{B640CA4D-D8C8-424C-A5D7-7FB5C5C5AD8A}.Debug|Any CPU.ActiveCfg = Debug|Any CPU
		{B640CA4D-D8C8-424C-A5D7-7FB5C5C5AD8A}.Debug|Any CPU.Build.0 = Debug|Any CPU
		{B640CA4D-D8C8-424C-A5D7-7FB5C5C5AD8A}.Release|Any CPU.ActiveCfg = Release|Any CPU
		{B640CA4D-D8C8-424C-A5D7-7FB5C5C5AD8A}.Release|Any CPU.Build.0 = Release|Any CPU
	EndGlobalSection
	GlobalSection(SolutionProperties) = preSolution
		HideSolutionNode = FALSE
	EndGlobalSection
	GlobalSection(ExtensibilityGlobals) = postSolution
		SolutionGuid = {975E13BD-2C1D-4530-9CA0-D72F2DB7A6F4}
	EndGlobalSection
EndGlobal
